// !$*UTF8*$!
{
	archiveVersion = 1;
	classes = {
	};
	objectVersion = 77;
	objects = {

/* Begin PBXBuildFile section */
		C4C6DF06301CFCEB002B5D44 /* TestAppWidgetBundle.swift in Sources */ = {isa = PBXBuildFile; fileRef = C4C6DF03301CFCEB002B5D44 /* TestAppWidgetBundle.swift */; };
		C4C6DF07301CFCEB002B5D44 /* TrackingLiveActivity.swift in Sources */ = {isa = PBXBuildFile; fileRef = C4C6DF04301CFCEB002B5D44 /* TrackingLiveActivity.swift */; };
		C4C6DF08301CFCEB002B5D44 /* TrackingActivityAttributes.swift in Sources */ = {isa = PBXBuildFile; fileRef = C4C6DF05301CFCEB002B5D44 /* TrackingActivityAttributes.swift */; };
		C4C6DF09301CFCEB002B5D44 /* TestAppWidgetExtension.appex in Embed Foundation Extensions */ = {isa = PBXBuildFile; fileRef = C4C6DF01301CFCEB002B5D44 /* TestAppWidgetExtension.appex */; settings = {ATTRIBUTES = (RemoveHeadersOnCopy, ); }; };
		C4C6DF16301CFCEB002B5D44 /* HabitTimerAttributes.swift in Sources */ = {isa = PBXBuildFile; fileRef = C4C6DF15301CFCEB002B5D44 /* HabitTimerAttributes.swift */; };
		C4C6DF18301CFCEB002B5D44 /* HabitTimerLiveActivity.swift in Sources */ = {isa = PBXBuildFile; fileRef = C4C6DF17301CFCEB002B5D44 /* HabitTimerLiveActivity.swift */; };
		C4C6E004301CFCEB002B5D44 /* ShareViewController.swift in Sources */ = {isa = PBXBuildFile; fileRef = C4C6E003301CFCEB002B5D44 /* ShareViewController.swift */; };
		C4C6E005301CFCEB002B5D44 /* TestAppShareExtension.appex in Embed Foundation Extensions */ = {isa = PBXBuildFile; fileRef = C4C6E001301CFCEB002B5D44 /* TestAppShareExtension.appex */; settings = {ATTRIBUTES = (RemoveHeadersOnCopy, ); }; };
/* End PBXBuildFile section */

/* Begin PBXContainerItemProxy section */
		C4C6DE08301CFCEB002B5D44 /* PBXContainerItemProxy */ = {
			isa = PBXContainerItemProxy;
			containerPortal = C4C6DDB7301CFCEB002B5D44 /* Project object */;
			proxyType = 1;
			remoteGlobalIDString = C4C6DDBE301CFCEB002B5D44;
			remoteInfo = TestApp;
		};
		C4C6DF10301CFCEB002B5D44 /* PBXContainerItemProxy */ = {
			isa = PBXContainerItemProxy;
			containerPortal = C4C6DDB7301CFCEB002B5D44 /* Project object */;
			proxyType = 1;
			remoteGlobalIDString = C4C6DF0E301CFCEB002B5D44;
			remoteInfo = TestAppWidgetExtension;
		};
		C4C6E00E301CFCEB002B5D44 /* PBXContainerItemProxy */ = {
			isa = PBXContainerItemProxy;
			containerPortal = C4C6DDB7301CFCEB002B5D44 /* Project object */;
			proxyType = 1;
			remoteGlobalIDString = C4C6E006301CFCEB002B5D44;
			remoteInfo = TestAppShareExtension;
		};
/* End PBXContainerItemProxy section */

/* Begin PBXCopyFilesBuildPhase section */
		C4C6DF0D301CFCEB002B5D44 /* Embed Foundation Extensions */ = {
			isa = PBXCopyFilesBuildPhase;
			buildActionMask = 2147483647;
			dstPath = "";
			dstSubfolderSpec = 13;
			files = (
				C4C6DF09301CFCEB002B5D44 /* TestAppWidgetExtension.appex in Embed Foundation Extensions */,
				C4C6E005301CFCEB002B5D44 /* TestAppShareExtension.appex in Embed Foundation Extensions */,
			);
			name = "Embed Foundation Extensions";
			runOnlyForDeploymentPostprocessing = 0;
		};
/* End PBXCopyFilesBuildPhase section */

/* Begin PBXFileReference section */
		C4C6DDBF301CFCEB002B5D44 /* TestApp.app */ = {isa = PBXFileReference; explicitFileType = wrapper.application; includeInIndex = 0; path = TestApp.app; sourceTree = BUILT_PRODUCTS_DIR; };
		C4C6DE01301CFCEB002B5D44 /* TestAppTests.xctest */ = {isa = PBXFileReference; explicitFileType = wrapper.cfbundle; includeInIndex = 0; path = TestAppTests.xctest; sourceTree = BUILT_PRODUCTS_DIR; };
		C4C6DF01301CFCEB002B5D44 /* TestAppWidgetExtension.appex */ = {isa = PBXFileReference; explicitFileType = "wrapper.app-extension"; includeInIndex = 0; path = TestAppWidgetExtension.appex; sourceTree = BUILT_PRODUCTS_DIR; };
		C4C6DF02301CFCEB002B5D44 /* Info.plist */ = {isa = PBXFileReference; lastKnownFileType = text.plist.xml; path = Info.plist; sourceTree = "<group>"; };
		C4C6DF03301CFCEB002B5D44 /* TestAppWidgetBundle.swift */ = {isa = PBXFileReference; lastKnownFileType = sourcecode.swift; path = TestAppWidgetBundle.swift; sourceTree = "<group>"; };
		C4C6DF04301CFCEB002B5D44 /* TrackingLiveActivity.swift */ = {isa = PBXFileReference; lastKnownFileType = sourcecode.swift; path = TrackingLiveActivity.swift; sourceTree = "<group>"; };
		C4C6DF05301CFCEB002B5D44 /* TrackingActivityAttributes.swift */ = {isa = PBXFileReference; lastKnownFileType = sourcecode.swift; name = TrackingActivityAttributes.swift; path = TestApp/Features/Places/LiveActivity/TrackingActivityAttributes.swift; sourceTree = SOURCE_ROOT; };
		C4C6DF15301CFCEB002B5D44 /* HabitTimerAttributes.swift */ = {isa = PBXFileReference; lastKnownFileType = sourcecode.swift; name = HabitTimerAttributes.swift; path = TestApp/Features/Habits/LiveActivity/HabitTimerAttributes.swift; sourceTree = SOURCE_ROOT; };
		C4C6DF17301CFCEB002B5D44 /* HabitTimerLiveActivity.swift */ = {isa = PBXFileReference; lastKnownFileType = sourcecode.swift; path = HabitTimerLiveActivity.swift; sourceTree = "<group>"; };
		C4C6E001301CFCEB002B5D44 /* TestAppShareExtension.appex */ = {isa = PBXFileReference; explicitFileType = "wrapper.app-extension"; includeInIndex = 0; path = TestAppShareExtension.appex; sourceTree = BUILT_PRODUCTS_DIR; };
		C4C6E002301CFCEB002B5D44 /* Info.plist */ = {isa = PBXFileReference; lastKnownFileType = text.plist.xml; path = Info.plist; sourceTree = "<group>"; };
		C4C6E003301CFCEB002B5D44 /* ShareViewController.swift */ = {isa = PBXFileReference; lastKnownFileType = sourcecode.swift; path = ShareViewController.swift; sourceTree = "<group>"; };
/* End PBXFileReference section */

/* Begin PBXFileSystemSynchronizedRootGroup section */
		C4C6DDC1301CFCEB002B5D44 /* TestApp */ = {
			isa = PBXFileSystemSynchronizedRootGroup;
			path = TestApp;
			sourceTree = "<group>";
		};
		C4C6DE02301CFCEB002B5D44 /* TestAppTests */ = {
			isa = PBXFileSystemSynchronizedRootGroup;
			path = TestAppTests;
			sourceTree = "<group>";
		};
/* End PBXFileSystemSynchronizedRootGroup section */

/* Begin PBXFrameworksBuildPhase section */
		C4C6DDBC301CFCEB002B5D44 /* Frameworks */ = {
			isa = PBXFrameworksBuildPhase;
			buildActionMask = 2147483647;
			files = (
			);
			runOnlyForDeploymentPostprocessing = 0;
		};
		C4C6DE05301CFCEB002B5D44 /* Frameworks */ = {
			isa = PBXFrameworksBuildPhase;
			buildActionMask = 2147483647;
			files = (
			);
			runOnlyForDeploymentPostprocessing = 0;
		};
		C4C6DF0B301CFCEB002B5D44 /* Frameworks */ = {
			isa = PBXFrameworksBuildPhase;
			buildActionMask = 2147483647;
			files = (
			);
			runOnlyForDeploymentPostprocessing = 0;
		};
		C4C6E008301CFCEB002B5D44 /* Frameworks */ = {
			isa = PBXFrameworksBuildPhase;
			buildActionMask = 2147483647;
			files = (
			);
			runOnlyForDeploymentPostprocessing = 0;
		};
/* End PBXFrameworksBuildPhase section */

/* Begin PBXGroup section */
		C4C6DDB6301CFCEB002B5D44 = {
			isa = PBXGroup;
			children = (
				C4C6DDC1301CFCEB002B5D44 /* TestApp */,
				C4C6DE02301CFCEB002B5D44 /* TestAppTests */,
				C4C6DF14301CFCEB002B5D44 /* TestAppWidget */,
				C4C6E00F301CFCEB002B5D44 /* TestAppShareExtension */,
				C4C6DDC0301CFCEB002B5D44 /* Products */,
			);
			sourceTree = "<group>";
		};
		C4C6DDC0301CFCEB002B5D44 /* Products */ = {
			isa = PBXGroup;
			children = (
				C4C6DDBF301CFCEB002B5D44 /* TestApp.app */,
				C4C6DE01301CFCEB002B5D44 /* TestAppTests.xctest */,
				C4C6DF01301CFCEB002B5D44 /* TestAppWidgetExtension.appex */,
				C4C6E001301CFCEB002B5D44 /* TestAppShareExtension.appex */,
			);
			name = Products;
			sourceTree = "<group>";
		};
		C4C6DF14301CFCEB002B5D44 /* TestAppWidget */ = {
			isa = PBXGroup;
			children = (
				C4C6DF03301CFCEB002B5D44 /* TestAppWidgetBundle.swift */,
				C4C6DF04301CFCEB002B5D44 /* TrackingLiveActivity.swift */,
				C4C6DF17301CFCEB002B5D44 /* HabitTimerLiveActivity.swift */,
				C4C6DF05301CFCEB002B5D44 /* TrackingActivityAttributes.swift */,
				C4C6DF15301CFCEB002B5D44 /* HabitTimerAttributes.swift */,
				C4C6DF02301CFCEB002B5D44 /* Info.plist */,
			);
			path = TestAppWidget;
			sourceTree = "<group>";
		};
		C4C6E00F301CFCEB002B5D44 /* TestAppShareExtension */ = {
			isa = PBXGroup;
			children = (
				C4C6E003301CFCEB002B5D44 /* ShareViewController.swift */,
				C4C6E002301CFCEB002B5D44 /* Info.plist */,
			);
			path = TestAppShareExtension;
			sourceTree = "<group>";
		};
/* End PBXGroup section */

/* Begin PBXNativeTarget section */
		C4C6DDBE301CFCEB002B5D44 /* TestApp */ = {
			isa = PBXNativeTarget;
			buildConfigurationList = C4C6DDCA301CFCEC002B5D44 /* Build configuration list for PBXNativeTarget "TestApp" */;
			buildPhases = (
				C4C6DDBB301CFCEB002B5D44 /* Sources */,
				C4C6DDBC301CFCEB002B5D44 /* Frameworks */,
				C4C6DDBD301CFCEB002B5D44 /* Resources */,
				C4C6DF0D301CFCEB002B5D44 /* Embed Foundation Extensions */,
			);
			buildRules = (
			);
			dependencies = (
				C4C6DF0F301CFCEB002B5D44 /* PBXTargetDependency */,
				C4C6E00D301CFCEB002B5D44 /* PBXTargetDependency */,
			);
			fileSystemSynchronizedGroups = (
				C4C6DDC1301CFCEB002B5D44 /* TestApp */,
			);
			name = TestApp;
			packageProductDependencies = (
			);
			productName = TestApp;
			productReference = C4C6DDBF301CFCEB002B5D44 /* TestApp.app */;
			productType = "com.apple.product-type.application";
		};
		C4C6DE03301CFCEB002B5D44 /* TestAppTests */ = {
			isa = PBXNativeTarget;
			buildConfigurationList = C4C6DE09301CFCEB002B5D44 /* Build configuration list for PBXNativeTarget "TestAppTests" */;
			buildPhases = (
				C4C6DE04301CFCEB002B5D44 /* Sources */,
				C4C6DE05301CFCEB002B5D44 /* Frameworks */,
				C4C6DE06301CFCEB002B5D44 /* Resources */,
			);
			buildRules = (
			);
			dependencies = (
				C4C6DE07301CFCEB002B5D44 /* PBXTargetDependency */,
			);
			fileSystemSynchronizedGroups = (
				C4C6DE02301CFCEB002B5D44 /* TestAppTests */,
			);
			name = TestAppTests;
			packageProductDependencies = (
			);
			productName = TestAppTests;
			productReference = C4C6DE01301CFCEB002B5D44 /* TestAppTests.xctest */;
			productType = "com.apple.product-type.bundle.unit-test";
		};
		C4C6DF0E301CFCEB002B5D44 /* TestAppWidgetExtension */ = {
			isa = PBXNativeTarget;
			buildConfigurationList = C4C6DF11301CFCEB002B5D44 /* Build configuration list for PBXNativeTarget "TestAppWidgetExtension" */;
			buildPhases = (
				C4C6DF0A301CFCEB002B5D44 /* Sources */,
				C4C6DF0B301CFCEB002B5D44 /* Frameworks */,
				C4C6DF0C301CFCEB002B5D44 /* Resources */,
			);
			buildRules = (
			);
			dependencies = (
			);
			name = TestAppWidgetExtension;
			packageProductDependencies = (
			);
			productName = TestAppWidgetExtension;
			productReference = C4C6DF01301CFCEB002B5D44 /* TestAppWidgetExtension.appex */;
			productType = "com.apple.product-type.app-extension";
		};
		C4C6E006301CFCEB002B5D44 /* TestAppShareExtension */ = {
			isa = PBXNativeTarget;
			buildConfigurationList = C4C6E00A301CFCEB002B5D44 /* Build configuration list for PBXNativeTarget "TestAppShareExtension" */;
			buildPhases = (
				C4C6E007301CFCEB002B5D44 /* Sources */,
				C4C6E008301CFCEB002B5D44 /* Frameworks */,
				C4C6E009301CFCEB002B5D44 /* Resources */,
			);
			buildRules = (
			);
			dependencies = (
			);
			name = TestAppShareExtension;
			packageProductDependencies = (
			);
			productName = TestAppShareExtension;
			productReference = C4C6E001301CFCEB002B5D44 /* TestAppShareExtension.appex */;
			productType = "com.apple.product-type.app-extension";
		};
/* End PBXNativeTarget section */

/* Begin PBXProject section */
		C4C6DDB7301CFCEB002B5D44 /* Project object */ = {
			isa = PBXProject;
			attributes = {
				BuildIndependentTargetsInParallel = 1;
				LastSwiftUpdateCheck = 2600;
				LastUpgradeCheck = 2600;
				TargetAttributes = {
					C4C6DDBE301CFCEB002B5D44 = {
						CreatedOnToolsVersion = 26.0.1;
					};
					C4C6DE03301CFCEB002B5D44 = {
						CreatedOnToolsVersion = 26.0.1;
						TestTargetID = C4C6DDBE301CFCEB002B5D44;
					};
					C4C6DF0E301CFCEB002B5D44 = {
						CreatedOnToolsVersion = 26.0.1;
					};
					C4C6E006301CFCEB002B5D44 = {
						CreatedOnToolsVersion = 26.0.1;
					};
				};
			};
			buildConfigurationList = C4C6DDBA301CFCEB002B5D44 /* Build configuration list for PBXProject "TestApp" */;
			developmentRegion = en;
			hasScannedForEncodings = 0;
			knownRegions = (
				en,
				Base,
			);
			mainGroup = C4C6DDB6301CFCEB002B5D44;
			minimizedProjectReferenceProxies = 1;
			preferredProjectObjectVersion = 77;
			productRefGroup = C4C6DDC0301CFCEB002B5D44 /* Products */;
			projectDirPath = "";
			projectRoot = "";
			targets = (
				C4C6DDBE301CFCEB002B5D44 /* TestApp */,
				C4C6DE03301CFCEB002B5D44 /* TestAppTests */,
				C4C6DF0E301CFCEB002B5D44 /* TestAppWidgetExtension */,
				C4C6E006301CFCEB002B5D44 /* TestAppShareExtension */,
			);
		};
/* End PBXProject section */

/* Begin PBXResourcesBuildPhase section */
		C4C6DDBD301CFCEB002B5D44 /* Resources */ = {
			isa = PBXResourcesBuildPhase;
			buildActionMask = 2147483647;
			files = (
			);
			runOnlyForDeploymentPostprocessing = 0;
		};
		C4C6DE06301CFCEB002B5D44 /* Resources */ = {
			isa = PBXResourcesBuildPhase;
			buildActionMask = 2147483647;
			files = (
			);
			runOnlyForDeploymentPostprocessing = 0;
		};
		C4C6DF0C301CFCEB002B5D44 /* Resources */ = {
			isa = PBXResourcesBuildPhase;
			buildActionMask = 2147483647;
			files = (
			);
			runOnlyForDeploymentPostprocessing = 0;
		};
		C4C6E009301CFCEB002B5D44 /* Resources */ = {
			isa = PBXResourcesBuildPhase;
			buildActionMask = 2147483647;
			files = (
			);
			runOnlyForDeploymentPostprocessing = 0;
		};
/* End PBXResourcesBuildPhase section */

/* Begin PBXSourcesBuildPhase section */
		C4C6DDBB301CFCEB002B5D44 /* Sources */ = {
			isa = PBXSourcesBuildPhase;
			buildActionMask = 2147483647;
			files = (
			);
			runOnlyForDeploymentPostprocessing = 0;
		};
		C4C6DE04301CFCEB002B5D44 /* Sources */ = {
			isa = PBXSourcesBuildPhase;
			buildActionMask = 2147483647;
			files = (
			);
			runOnlyForDeploymentPostprocessing = 0;
		};
		C4C6DF0A301CFCEB002B5D44 /* Sources */ = {
			isa = PBXSourcesBuildPhase;
			buildActionMask = 2147483647;
			files = (
				C4C6DF06301CFCEB002B5D44 /* TestAppWidgetBundle.swift in Sources */,
				C4C6DF07301CFCEB002B5D44 /* TrackingLiveActivity.swift in Sources */,
				C4C6DF08301CFCEB002B5D44 /* TrackingActivityAttributes.swift in Sources */,
				C4C6DF16301CFCEB002B5D44 /* HabitTimerAttributes.swift in Sources */,
				C4C6DF18301CFCEB002B5D44 /* HabitTimerLiveActivity.swift in Sources */,
			);
			runOnlyForDeploymentPostprocessing = 0;
		};
		C4C6E007301CFCEB002B5D44 /* Sources */ = {
			isa = PBXSourcesBuildPhase;
			buildActionMask = 2147483647;
			files = (
				C4C6E004301CFCEB002B5D44 /* ShareViewController.swift in Sources */,
			);
			runOnlyForDeploymentPostprocessing = 0;
		};
/* End PBXSourcesBuildPhase section */

/* Begin PBXTargetDependency section */
		C4C6DE07301CFCEB002B5D44 /* PBXTargetDependency */ = {
			isa = PBXTargetDependency;
			target = C4C6DDBE301CFCEB002B5D44 /* TestApp */;
			targetProxy = C4C6DE08301CFCEB002B5D44 /* PBXContainerItemProxy */;
		};
		C4C6DF0F301CFCEB002B5D44 /* PBXTargetDependency */ = {
			isa = PBXTargetDependency;
			target = C4C6DF0E301CFCEB002B5D44 /* TestAppWidgetExtension */;
			targetProxy = C4C6DF10301CFCEB002B5D44 /* PBXContainerItemProxy */;
		};
		C4C6E00D301CFCEB002B5D44 /* PBXTargetDependency */ = {
			isa = PBXTargetDependency;
			target = C4C6E006301CFCEB002B5D44 /* TestAppShareExtension */;
			targetProxy = C4C6E00E301CFCEB002B5D44 /* PBXContainerItemProxy */;
		};
/* End PBXTargetDependency section */

/* Begin XCBuildConfiguration section */
		C4C6DDC8301CFCEC002B5D44 /* Debug */ = {
			isa = XCBuildConfiguration;
			buildSettings = {
				ALWAYS_SEARCH_USER_PATHS = NO;
				ASSETCATALOG_COMPILER_GENERATE_SWIFT_ASSET_SYMBOL_EXTENSIONS = YES;
				CLANG_ANALYZER_NONNULL = YES;
				CLANG_ANALYZER_NUMBER_OBJECT_CONVERSION = YES_AGGRESSIVE;
				CLANG_CXX_LANGUAGE_STANDARD = "gnu++20";
				CLANG_ENABLE_MODULES = YES;
				CLANG_ENABLE_OBJC_ARC = YES;
				CLANG_ENABLE_OBJC_WEAK = YES;
				CLANG_WARN_BLOCK_CAPTURE_AUTORELEASING = YES;
				CLANG_WARN_BOOL_CONVERSION = YES;
				CLANG_WARN_COMMA = YES;
				CLANG_WARN_CONSTANT_CONVERSION = YES;
				CLANG_WARN_DEPRECATED_OBJC_IMPLEMENTATIONS = YES;
				CLANG_WARN_DIRECT_OBJC_ISA_USAGE = YES_ERROR;
				CLANG_WARN_DOCUMENTATION_COMMENTS = YES;
				CLANG_WARN_EMPTY_BODY = YES;
				CLANG_WARN_ENUM_CONVERSION = YES;
				CLANG_WARN_INFINITE_RECURSION = YES;
				CLANG_WARN_INT_CONVERSION = YES;
				CLANG_WARN_NON_LITERAL_NULL_CONVERSION = YES;
				CLANG_WARN_OBJC_IMPLICIT_RETAIN_SELF = YES;
				CLANG_WARN_OBJC_LITERAL_CONVERSION = YES;
				CLANG_WARN_OBJC_ROOT_CLASS = YES_ERROR;
				CLANG_WARN_QUOTED_INCLUDE_IN_FRAMEWORK_HEADER = YES;
				CLANG_WARN_RANGE_LOOP_ANALYSIS = YES;
				CLANG_WARN_STRICT_PROTOTYPES = YES;
				CLANG_WARN_SUSPICIOUS_MOVE = YES;
				CLANG_WARN_UNGUARDED_AVAILABILITY = YES_AGGRESSIVE;
				CLANG_WARN_UNREACHABLE_CODE = YES;
				CLANG_WARN__DUPLICATE_METHOD_MATCH = YES;
				COPY_PHASE_STRIP = NO;
				DEBUG_INFORMATION_FORMAT = dwarf;
				DEVELOPMENT_TEAM = 6U29CXU54C;
				ENABLE_STRICT_OBJC_MSGSEND = YES;
				ENABLE_TESTABILITY = YES;
				ENABLE_USER_SCRIPT_SANDBOXING = YES;
				GCC_C_LANGUAGE_STANDARD = gnu17;
				GCC_DYNAMIC_NO_PIC = NO;
				GCC_NO_COMMON_BLOCKS = YES;
				GCC_OPTIMIZATION_LEVEL = 0;
				GCC_PREPROCESSOR_DEFINITIONS = (
					"DEBUG=1",
					"$(inherited)",
				);
				GCC_WARN_64_TO_32_BIT_CONVERSION = YES;
				GCC_WARN_ABOUT_RETURN_TYPE = YES_ERROR;
				GCC_WARN_UNDECLARED_SELECTOR = YES;
				GCC_WARN_UNINITIALIZED_AUTOS = YES_AGGRESSIVE;
				GCC_WARN_UNUSED_FUNCTION = YES;
				GCC_WARN_UNUSED_VARIABLE = YES;
				LOCALIZATION_PREFERS_STRING_CATALOGS = YES;
				MTL_ENABLE_DEBUG_INFO = INCLUDE_SOURCE;
				MTL_FAST_MATH = YES;
				ONLY_ACTIVE_ARCH = YES;
				SWIFT_ACTIVE_COMPILATION_CONDITIONS = "DEBUG $(inherited)";
				SWIFT_OPTIMIZATION_LEVEL = "-Onone";
			};
			name = Debug;
		};
		C4C6DDC9301CFCEC002B5D44 /* Release */ = {
			isa = XCBuildConfiguration;
			buildSettings = {
				ALWAYS_SEARCH_USER_PATHS = NO;
				ASSETCATALOG_COMPILER_GENERATE_SWIFT_ASSET_SYMBOL_EXTENSIONS = YES;
				CLANG_ANALYZER_NONNULL = YES;
				CLANG_ANALYZER_NUMBER_OBJECT_CONVERSION = YES_AGGRESSIVE;
				CLANG_CXX_LANGUAGE_STANDARD = "gnu++20";
				CLANG_ENABLE_MODULES = YES;
				CLANG_ENABLE_OBJC_ARC = YES;
				CLANG_ENABLE_OBJC_WEAK = YES;
				CLANG_WARN_BLOCK_CAPTURE_AUTORELEASING = YES;
				CLANG_WARN_BOOL_CONVERSION = YES;
				CLANG_WARN_COMMA = YES;
				CLANG_WARN_CONSTANT_CONVERSION = YES;
				CLANG_WARN_DEPRECATED_OBJC_IMPLEMENTATIONS = YES;
				CLANG_WARN_DIRECT_OBJC_ISA_USAGE = YES_ERROR;
				CLANG_WARN_DOCUMENTATION_COMMENTS = YES;
				CLANG_WARN_EMPTY_BODY = YES;
				CLANG_WARN_ENUM_CONVERSION = YES;
				CLANG_WARN_INFINITE_RECURSION = YES;
				CLANG_WARN_INT_CONVERSION = YES;
				CLANG_WARN_NON_LITERAL_NULL_CONVERSION = YES;
				CLANG_WARN_OBJC_IMPLICIT_RETAIN_SELF = YES;
				CLANG_WARN_OBJC_LITERAL_CONVERSION = YES;
				CLANG_WARN_OBJC_ROOT_CLASS = YES_ERROR;
				CLANG_WARN_QUOTED_INCLUDE_IN_FRAMEWORK_HEADER = YES;
				CLANG_WARN_RANGE_LOOP_ANALYSIS = YES;
				CLANG_WARN_STRICT_PROTOTYPES = YES;
				CLANG_WARN_SUSPICIOUS_MOVE = YES;
				CLANG_WARN_UNGUARDED_AVAILABILITY = YES_AGGRESSIVE;
				CLANG_WARN_UNREACHABLE_CODE = YES;
				CLANG_WARN__DUPLICATE_METHOD_MATCH = YES;
				COPY_PHASE_STRIP = NO;
				DEBUG_INFORMATION_FORMAT = "dwarf-with-dsym";
				DEVELOPMENT_TEAM = 6U29CXU54C;
				ENABLE_NS_ASSERTIONS = NO;
				ENABLE_STRICT_OBJC_MSGSEND = YES;
				ENABLE_USER_SCRIPT_SANDBOXING = YES;
				GCC_C_LANGUAGE_STANDARD = gnu17;
				GCC_NO_COMMON_BLOCKS = YES;
				GCC_WARN_64_TO_32_BIT_CONVERSION = YES;
				GCC_WARN_ABOUT_RETURN_TYPE = YES_ERROR;
				GCC_WARN_UNDECLARED_SELECTOR = YES;
				GCC_WARN_UNINITIALIZED_AUTOS = YES_AGGRESSIVE;
				GCC_WARN_UNUSED_FUNCTION = YES;
				GCC_WARN_UNUSED_VARIABLE = YES;
				LOCALIZATION_PREFERS_STRING_CATALOGS = YES;
				MTL_ENABLE_DEBUG_INFO = NO;
				MTL_FAST_MATH = YES;
				SWIFT_COMPILATION_MODE = wholemodule;
			};
			name = Release;
		};
		C4C6DDCB301CFCEC002B5D44 /* Debug */ = {
			isa = XCBuildConfiguration;
			buildSettings = {
				ASSETCATALOG_COMPILER_APPICON_NAME = AppIcon;
				ASSETCATALOG_COMPILER_GLOBAL_ACCENT_COLOR_NAME = AccentColor;
				CODE_SIGN_STYLE = Automatic;
				CURRENT_PROJECT_VERSION = 1;
				DEVELOPMENT_TEAM = 6U29CXU54C;
				ENABLE_APP_SANDBOX = YES;
				ENABLE_HARDENED_RUNTIME = YES;
				ENABLE_PREVIEWS = YES;
				ENABLE_USER_SELECTED_FILES = readonly;
				GENERATE_INFOPLIST_FILE = YES;
				INFOPLIST_FILE = "TestApp-Info.plist";
				INFOPLIST_KEY_CFBundleDisplayName = Habits;
				INFOPLIST_KEY_NSLocationAlwaysAndWhenInUseUsageDescription = "We remind you when you arrive at a saved place, even in the background.";
				INFOPLIST_KEY_NSLocationWhenInUseUsageDescription = "We remind you when you arrive at a saved place.";
				"INFOPLIST_KEY_UIApplicationSceneManifest_Generation[sdk=iphoneos*]" = YES;
				"INFOPLIST_KEY_UIApplicationSceneManifest_Generation[sdk=iphonesimulator*]" = YES;
				"INFOPLIST_KEY_UIApplicationSupportsIndirectInputEvents[sdk=iphoneos*]" = YES;
				"INFOPLIST_KEY_UIApplicationSupportsIndirectInputEvents[sdk=iphonesimulator*]" = YES;
				"INFOPLIST_KEY_UILaunchScreen_Generation[sdk=iphoneos*]" = YES;
				"INFOPLIST_KEY_UILaunchScreen_Generation[sdk=iphonesimulator*]" = YES;
				"INFOPLIST_KEY_UIStatusBarStyle[sdk=iphoneos*]" = UIStatusBarStyleDefault;
				"INFOPLIST_KEY_UIStatusBarStyle[sdk=iphonesimulator*]" = UIStatusBarStyleDefault;
				INFOPLIST_KEY_UISupportedInterfaceOrientations_iPad = "UIInterfaceOrientationPortrait UIInterfaceOrientationPortraitUpsideDown UIInterfaceOrientationLandscapeLeft UIInterfaceOrientationLandscapeRight";
				INFOPLIST_KEY_UISupportedInterfaceOrientations_iPhone = "UIInterfaceOrientationPortrait UIInterfaceOrientationLandscapeLeft UIInterfaceOrientationLandscapeRight";
				IPHONEOS_DEPLOYMENT_TARGET = 26.0;
				LD_RUNPATH_SEARCH_PATHS = "@executable_path/Frameworks";
				"LD_RUNPATH_SEARCH_PATHS[sdk=macosx*]" = "@executable_path/../Frameworks";
				MACOSX_DEPLOYMENT_TARGET = 26.0;
				MARKETING_VERSION = 1.0;
				PRODUCT_BUNDLE_IDENTIFIER = com.camilo.TestApp;
				PRODUCT_NAME = "$(TARGET_NAME)";
				REGISTER_APP_GROUPS = YES;
				SDKROOT = auto;
				STRING_CATALOG_GENERATE_SYMBOLS = YES;
				SUPPORTED_PLATFORMS = "iphoneos iphonesimulator macosx xros xrsimulator";
				SWIFT_APPROACHABLE_CONCURRENCY = YES;
				SWIFT_DEFAULT_ACTOR_ISOLATION = MainActor;
				SWIFT_EMIT_LOC_STRINGS = YES;
				SWIFT_UPCOMING_FEATURE_MEMBER_IMPORT_VISIBILITY = YES;
				SWIFT_VERSION = 5.0;
				TARGETED_DEVICE_FAMILY = "1,2,7";
				XROS_DEPLOYMENT_TARGET = 26.0;
			};
			name = Debug;
		};
		C4C6DDCC301CFCEC002B5D44 /* Release */ = {
			isa = XCBuildConfiguration;
			buildSettings = {
				ASSETCATALOG_COMPILER_APPICON_NAME = AppIcon;
				ASSETCATALOG_COMPILER_GLOBAL_ACCENT_COLOR_NAME = AccentColor;
				CODE_SIGN_STYLE = Automatic;
				CURRENT_PROJECT_VERSION = 1;
				DEVELOPMENT_TEAM = 6U29CXU54C;
				ENABLE_APP_SANDBOX = YES;
				ENABLE_HARDENED_RUNTIME = YES;
				ENABLE_PREVIEWS = YES;
				ENABLE_USER_SELECTED_FILES = readonly;
				GENERATE_INFOPLIST_FILE = YES;
				INFOPLIST_FILE = "TestApp-Info.plist";
				INFOPLIST_KEY_CFBundleDisplayName = Habits;
				INFOPLIST_KEY_NSLocationAlwaysAndWhenInUseUsageDescription = "We remind you when you arrive at a saved place, even in the background.";
				INFOPLIST_KEY_NSLocationWhenInUseUsageDescription = "We remind you when you arrive at a saved place.";
				"INFOPLIST_KEY_UIApplicationSceneManifest_Generation[sdk=iphoneos*]" = YES;
				"INFOPLIST_KEY_UIApplicationSceneManifest_Generation[sdk=iphonesimulator*]" = YES;
				"INFOPLIST_KEY_UIApplicationSupportsIndirectInputEvents[sdk=iphoneos*]" = YES;
				"INFOPLIST_KEY_UIApplicationSupportsIndirectInputEvents[sdk=iphonesimulator*]" = YES;
				"INFOPLIST_KEY_UILaunchScreen_Generation[sdk=iphoneos*]" = YES;
				"INFOPLIST_KEY_UILaunchScreen_Generation[sdk=iphonesimulator*]" = YES;
				"INFOPLIST_KEY_UIStatusBarStyle[sdk=iphoneos*]" = UIStatusBarStyleDefault;
				"INFOPLIST_KEY_UIStatusBarStyle[sdk=iphonesimulator*]" = UIStatusBarStyleDefault;
				INFOPLIST_KEY_UISupportedInterfaceOrientations_iPad = "UIInterfaceOrientationPortrait UIInterfaceOrientationPortraitUpsideDown UIInterfaceOrientationLandscapeLeft UIInterfaceOrientationLandscapeRight";
				INFOPLIST_KEY_UISupportedInterfaceOrientations_iPhone = "UIInterfaceOrientationPortrait UIInterfaceOrientationLandscapeLeft UIInterfaceOrientationLandscapeRight";
				IPHONEOS_DEPLOYMENT_TARGET = 26.0;
				LD_RUNPATH_SEARCH_PATHS = "@executable_path/Frameworks";
				"LD_RUNPATH_SEARCH_PATHS[sdk=macosx*]" = "@executable_path/../Frameworks";
				MACOSX_DEPLOYMENT_TARGET = 26.0;
				MARKETING_VERSION = 1.0;
				PRODUCT_BUNDLE_IDENTIFIER = com.camilo.TestApp;
				PRODUCT_NAME = "$(TARGET_NAME)";
				REGISTER_APP_GROUPS = YES;
				SDKROOT = auto;
				STRING_CATALOG_GENERATE_SYMBOLS = YES;
				SUPPORTED_PLATFORMS = "iphoneos iphonesimulator macosx xros xrsimulator";
				SWIFT_APPROACHABLE_CONCURRENCY = YES;
				SWIFT_DEFAULT_ACTOR_ISOLATION = MainActor;
				SWIFT_EMIT_LOC_STRINGS = YES;
				SWIFT_UPCOMING_FEATURE_MEMBER_IMPORT_VISIBILITY = YES;
				SWIFT_VERSION = 5.0;
				TARGETED_DEVICE_FAMILY = "1,2,7";
				XROS_DEPLOYMENT_TARGET = 26.0;
			};
			name = Release;
		};
		C4C6DE0A301CFCEB002B5D44 /* Debug */ = {
			isa = XCBuildConfiguration;
			buildSettings = {
				BUNDLE_LOADER = "$(TEST_HOST)";
				CODE_SIGN_STYLE = Automatic;
				CURRENT_PROJECT_VERSION = 1;
				DEVELOPMENT_TEAM = 6U29CXU54C;
				GENERATE_INFOPLIST_FILE = YES;
				IPHONEOS_DEPLOYMENT_TARGET = 26.0;
				MACOSX_DEPLOYMENT_TARGET = 26.0;
				MARKETING_VERSION = 1.0;
				PRODUCT_BUNDLE_IDENTIFIER = com.camilo.TestAppTests;
				PRODUCT_NAME = "$(TARGET_NAME)";
				SDKROOT = auto;
				SUPPORTED_PLATFORMS = "iphoneos iphonesimulator macosx xros xrsimulator";
				SWIFT_APPROACHABLE_CONCURRENCY = YES;
				SWIFT_DEFAULT_ACTOR_ISOLATION = MainActor;
				SWIFT_VERSION = 5.0;
				TARGETED_DEVICE_FAMILY = "1,2,7";
				TEST_HOST = "$(BUILT_PRODUCTS_DIR)/TestApp.app/$(BUNDLE_EXECUTABLE_FOLDER_PATH)/TestApp";
				XROS_DEPLOYMENT_TARGET = 26.0;
			};
			name = Debug;
		};
		C4C6DE0B301CFCEB002B5D44 /* Release */ = {
			isa = XCBuildConfiguration;
			buildSettings = {
				BUNDLE_LOADER = "$(TEST_HOST)";
				CODE_SIGN_STYLE = Automatic;
				CURRENT_PROJECT_VERSION = 1;
				DEVELOPMENT_TEAM = 6U29CXU54C;
				GENERATE_INFOPLIST_FILE = YES;
				IPHONEOS_DEPLOYMENT_TARGET = 26.0;
				MACOSX_DEPLOYMENT_TARGET = 26.0;
				MARKETING_VERSION = 1.0;
				PRODUCT_BUNDLE_IDENTIFIER = com.camilo.TestAppTests;
				PRODUCT_NAME = "$(TARGET_NAME)";
				SDKROOT = auto;
				SUPPORTED_PLATFORMS = "iphoneos iphonesimulator macosx xros xrsimulator";
				SWIFT_APPROACHABLE_CONCURRENCY = YES;
				SWIFT_DEFAULT_ACTOR_ISOLATION = MainActor;
				SWIFT_VERSION = 5.0;
				TARGETED_DEVICE_FAMILY = "1,2,7";
				TEST_HOST = "$(BUILT_PRODUCTS_DIR)/TestApp.app/$(BUNDLE_EXECUTABLE_FOLDER_PATH)/TestApp";
				XROS_DEPLOYMENT_TARGET = 26.0;
			};
			name = Release;
		};
		C4C6DF12301CFCEB002B5D44 /* Debug */ = {
			isa = XCBuildConfiguration;
			buildSettings = {
				CODE_SIGN_STYLE = Automatic;
				CURRENT_PROJECT_VERSION = 1;
				DEVELOPMENT_TEAM = 6U29CXU54C;
				GENERATE_INFOPLIST_FILE = YES;
				INFOPLIST_FILE = TestAppWidget/Info.plist;
				INFOPLIST_KEY_CFBundleDisplayName = "Habits Widget";
				INFOPLIST_KEY_NSHumanReadableCopyright = "";
				IPHONEOS_DEPLOYMENT_TARGET = 26.0;
				LD_RUNPATH_SEARCH_PATHS = (
					"$(inherited)",
					"@executable_path/Frameworks",
					"@executable_path/../../Frameworks",
				);
				MARKETING_VERSION = 1.0;
				PRODUCT_BUNDLE_IDENTIFIER = com.camilo.TestApp.TestAppWidget;
				PRODUCT_NAME = "$(TARGET_NAME)";
				SDKROOT = auto;
				SKIP_INSTALL = YES;
				SUPPORTED_PLATFORMS = "iphoneos iphonesimulator";
				SWIFT_APPROACHABLE_CONCURRENCY = YES;
				SWIFT_DEFAULT_ACTOR_ISOLATION = MainActor;
				SWIFT_EMIT_LOC_STRINGS = YES;
				SWIFT_VERSION = 5.0;
				TARGETED_DEVICE_FAMILY = "1,2";
			};
			name = Debug;
		};
		C4C6DF13301CFCEB002B5D44 /* Release */ = {
			isa = XCBuildConfiguration;
			buildSettings = {
				CODE_SIGN_STYLE = Automatic;
				CURRENT_PROJECT_VERSION = 1;
				DEVELOPMENT_TEAM = 6U29CXU54C;
				GENERATE_INFOPLIST_FILE = YES;
				INFOPLIST_FILE = TestAppWidget/Info.plist;
				INFOPLIST_KEY_CFBundleDisplayName = "Habits Widget";
				INFOPLIST_KEY_NSHumanReadableCopyright = "";
				IPHONEOS_DEPLOYMENT_TARGET = 26.0;
				LD_RUNPATH_SEARCH_PATHS = (
					"$(inherited)",
					"@executable_path/Frameworks",
					"@executable_path/../../Frameworks",
				);
				MARKETING_VERSION = 1.0;
				PRODUCT_BUNDLE_IDENTIFIER = com.camilo.TestApp.TestAppWidget;
				PRODUCT_NAME = "$(TARGET_NAME)";
				SDKROOT = auto;
				SKIP_INSTALL = YES;
				SUPPORTED_PLATFORMS = "iphoneos iphonesimulator";
				SWIFT_APPROACHABLE_CONCURRENCY = YES;
				SWIFT_DEFAULT_ACTOR_ISOLATION = MainActor;
				SWIFT_EMIT_LOC_STRINGS = YES;
				SWIFT_VERSION = 5.0;
				TARGETED_DEVICE_FAMILY = "1,2";
			};
			name = Release;
		};
		C4C6E00B301CFCEB002B5D44 /* Debug */ = {
			isa = XCBuildConfiguration;
			buildSettings = {
				CODE_SIGN_STYLE = Automatic;
				CURRENT_PROJECT_VERSION = 1;
				DEVELOPMENT_TEAM = 6U29CXU54C;
				GENERATE_INFOPLIST_FILE = YES;
				INFOPLIST_FILE = TestAppShareExtension/Info.plist;
				INFOPLIST_KEY_CFBundleDisplayName = "Add to Habits";
				IPHONEOS_DEPLOYMENT_TARGET = 26.0;
				LD_RUNPATH_SEARCH_PATHS = (
					"$(inherited)",
					"@executable_path/Frameworks",
					"@executable_path/../../Frameworks",
				);
				MARKETING_VERSION = 1.0;
				PRODUCT_BUNDLE_IDENTIFIER = com.camilo.TestApp.ShareExtension;
				PRODUCT_NAME = "$(TARGET_NAME)";
				SDKROOT = auto;
				SKIP_INSTALL = YES;
				SUPPORTED_PLATFORMS = "iphoneos iphonesimulator";
				SWIFT_APPROACHABLE_CONCURRENCY = YES;
				SWIFT_DEFAULT_ACTOR_ISOLATION = MainActor;
				SWIFT_EMIT_LOC_STRINGS = YES;
				SWIFT_VERSION = 5.0;
				TARGETED_DEVICE_FAMILY = "1,2";
			};
			name = Debug;
		};
		C4C6E00C301CFCEB002B5D44 /* Release */ = {
			isa = XCBuildConfiguration;
			buildSettings = {
				CODE_SIGN_STYLE = Automatic;
				CURRENT_PROJECT_VERSION = 1;
				DEVELOPMENT_TEAM = 6U29CXU54C;
				GENERATE_INFOPLIST_FILE = YES;
				INFOPLIST_FILE = TestAppShareExtension/Info.plist;
				INFOPLIST_KEY_CFBundleDisplayName = "Add to Habits";
				IPHONEOS_DEPLOYMENT_TARGET = 26.0;
				LD_RUNPATH_SEARCH_PATHS = (
					"$(inherited)",
					"@executable_path/Frameworks",
					"@executable_path/../../Frameworks",
				);
				MARKETING_VERSION = 1.0;
				PRODUCT_BUNDLE_IDENTIFIER = com.camilo.TestApp.ShareExtension;
				PRODUCT_NAME = "$(TARGET_NAME)";
				SDKROOT = auto;
				SKIP_INSTALL = YES;
				SUPPORTED_PLATFORMS = "iphoneos iphonesimulator";
				SWIFT_APPROACHABLE_CONCURRENCY = YES;
				SWIFT_DEFAULT_ACTOR_ISOLATION = MainActor;
				SWIFT_EMIT_LOC_STRINGS = YES;
				SWIFT_VERSION = 5.0;
				TARGETED_DEVICE_FAMILY = "1,2";
			};
			name = Release;
		};
/* End XCBuildConfiguration section */

/* Begin XCConfigurationList section */
		C4C6DDBA301CFCEB002B5D44 /* Build configuration list for PBXProject "TestApp" */ = {
			isa = XCConfigurationList;
			buildConfigurations = (
				C4C6DDC8301CFCEC002B5D44 /* Debug */,
				C4C6DDC9301CFCEC002B5D44 /* Release */,
			);
			defaultConfigurationIsVisible = 0;
			defaultConfigurationName = Release;
		};
		C4C6DDCA301CFCEC002B5D44 /* Build configuration list for PBXNativeTarget "TestApp" */ = {
			isa = XCConfigurationList;
			buildConfigurations = (
				C4C6DDCB301CFCEC002B5D44 /* Debug */,
				C4C6DDCC301CFCEC002B5D44 /* Release */,
			);
			defaultConfigurationIsVisible = 0;
			defaultConfigurationName = Release;
		};
		C4C6DE09301CFCEB002B5D44 /* Build configuration list for PBXNativeTarget "TestAppTests" */ = {
			isa = XCConfigurationList;
			buildConfigurations = (
				C4C6DE0A301CFCEB002B5D44 /* Debug */,
				C4C6DE0B301CFCEB002B5D44 /* Release */,
			);
			defaultConfigurationIsVisible = 0;
			defaultConfigurationName = Release;
		};
		C4C6DF11301CFCEB002B5D44 /* Build configuration list for PBXNativeTarget "TestAppWidgetExtension" */ = {
			isa = XCConfigurationList;
			buildConfigurations = (
				C4C6DF12301CFCEB002B5D44 /* Debug */,
				C4C6DF13301CFCEB002B5D44 /* Release */,
			);
			defaultConfigurationIsVisible = 0;
			defaultConfigurationName = Release;
		};
		C4C6E00A301CFCEB002B5D44 /* Build configuration list for PBXNativeTarget "TestAppShareExtension" */ = {
			isa = XCConfigurationList;
			buildConfigurations = (
				C4C6E00B301CFCEB002B5D44 /* Debug */,
				C4C6E00C301CFCEB002B5D44 /* Release */,
			);
			defaultConfigurationIsVisible = 0;
			defaultConfigurationName = Release;
		};
/* End XCConfigurationList section */
	};
	rootObject = C4C6DDB7301CFCEB002B5D44 /* Project object */;
}
